Microsoft Visual Studio Solution File, Format Version 11.00
# Visual Studio 2008

Project("{1EFD0D8C-FF0B-7CD4-3198-67F3A40A74EE}") = "NoriNaga", "Assembly-CSharp-vs.csproj", "{7AB54B24-EA7F-CE24-A9D7-CAF16526BCAD}"
EndProject
Global
	GlobalSection(SolutionConfigurationPlatforms) = preSolution
		Debug|Any CPU = Debug|Any CPU
		Release|Any CPU = Release|Any CPU
	EndGlobalSection
	GlobalSection(ProjectConfigurationPlatforms) = postSolution
		{7AB54B24-EA7F-CE24-A9D7-CAF16526BCAD}.Debug|Any CPU.ActiveCfg = Debug|Any CPU
		{7AB54B24-EA7F-CE24-A9D7-CAF16526BCAD}.Debug|Any CPU.Build.0 = Debug|Any CPU
		{7AB54B24-EA7F-CE24-A9D7-CAF16526BCAD}.Release|Any CPU.ActiveCfg = Release|Any CPU
		{7AB54B24-EA7F-CE24-A9D7-CAF16526BCAD}.Release|Any CPU.Build.0 = Release|Any CPU
	EndGlobalSection
	GlobalSection(SolutionProperties) = preSolution
		HideSolutionNode = FALSE
	EndGlobalSection
			GlobalSection(MonoDevelopProperties) = preSolution
		StartupItem = Assembly-CSharp.csproj
		Policies = $0
		$0.TextStylePolicy = $1
		$1.inheritsSet = null
		$1.scope = text/x-csharp
		$0.CSharpFormattingPolicy = $2
		$2.inheritsSet = Mono
		$2.inheritsScope = text/x-csharp
		$2.scope = text/x-csharp
		$0.TextStylePolicy = $3
		$3.FileWidth = 120
		$3.TabWidth = 4
		$3.IndentWidth = 4
		$3.EolMarker = Unix
		$3.inheritsSet = Mono
		$3.inheritsScope = text/plain
		$3.scope = text/plain
	EndGlobalSection

EndGlobal
